
Microsoft Visual Studio Solution File, Format Version 12.00
# Visual Studio 14
VisualStudioVersion = 14.0.25420.1
MinimumVisualStudioVersion = 10.0.40219.1
Project("{FAE04EC0-301F-11D3-BF4B-00C04F79EFBC}") = "App1.Android", "App1\App1.Android\App1.Android.csproj", "{71FF5D7B-1745-4691-9028-66159B997FF0}"
EndProject
Project("{FAE04EC0-301F-11D3-BF4B-00C04F79EFBC}") = "App1", "App1\App1\App1.csproj", "{E59489E9-A381-4C91-B06A-5BF069B8EF33}"
EndProject
Project("{FAE04EC0-301F-11D3-BF4B-00C04F79EFBC}") = "App1.UWP", "App1\App1.UWP\App1.UWP.csproj", "{D5827537-279C-4A71-BF5B-6516B211B1BD}"
EndProject
Project("{FAE04EC0-301F-11D3-BF4B-00C04F79EFBC}") = "App1.iOS", "App1\App1.iOS\App1.iOS.csproj", "{457F82D6-644E-4531-8772-94442694AF4D}"
EndProject
Global
	GlobalSection(SolutionConfigurationPlatforms) = preSolution
		Ad-Hoc|Any CPU = Ad-Hoc|Any CPU
		Ad-Hoc|ARM = Ad-Hoc|ARM
		Ad-Hoc|iPhone = Ad-Hoc|iPhone
		Ad-Hoc|iPhoneSimulator = Ad-Hoc|iPhoneSimulator
		Ad-Hoc|x64 = Ad-Hoc|x64
		Ad-Hoc|x86 = Ad-Hoc|x86
		AppStore|Any CPU = AppStore|Any CPU
		AppStore|ARM = AppStore|ARM
		AppStore|iPhone = AppStore|iPhone
		AppStore|iPhoneSimulator = AppStore|iPhoneSimulator
		AppStore|x64 = AppStore|x64
		AppStore|x86 = AppStore|x86
		Debug|Any CPU = Debug|Any CPU
		Debug|ARM = Debug|ARM
		Debug|iPhone = Debug|iPhone
		Debug|iPhoneSimulator = Debug|iPhoneSimulator
		Debug|x64 = Debug|x64
		Debug|x86 = Debug|x86
		Release|Any CPU = Release|Any CPU
		Release|ARM = Release|ARM
		Release|iPhone = Release|iPhone
		Release|iPhoneSimulator = Release|iPhoneSimulator
		Release|x64 = Release|x64
		Release|x86 = Release|x86
	EndGlobalSection
	GlobalSection(ProjectConfigurationPlatforms) = postSolution
		{71FF5D7B-1745-4691-9028-66159B997FF0}.Ad-Hoc|Any CPU.ActiveCfg = Release|Any CPU
		{71FF5D7B-1745-4691-9028-66159B997FF0}.Ad-Hoc|Any CPU.Build.0 = Release|Any CPU
		{71FF5D7B-1745-4691-9028-66159B997FF0}.Ad-Hoc|Any CPU.Deploy.0 = Release|Any CPU
		{71FF5D7B-1745-4691-9028-66159B997FF0}.Ad-Hoc|ARM.ActiveCfg = Release|Any CPU
		{71FF5D7B-1745-4691-9028-66159B997FF0}.Ad-Hoc|ARM.Build.0 = Release|Any CPU
		{71FF5D7B-1745-4691-9028-66159B997FF0}.Ad-Hoc|ARM.Deploy.0 = Release|Any CPU
		{71FF5D7B-1745-4691-9028-66159B997FF0}.Ad-Hoc|iPhone.ActiveCfg = Release|Any CPU
		{71FF5D7B-1745-4691-9028-66159B997FF0}.Ad-Hoc|iPhone.Build.0 = Release|Any CPU
		{71FF5D7B-1745-4691-9028-66159B997FF0}.Ad-Hoc|iPhone.Deploy.0 = Release|Any CPU
		{71FF5D7B-1745-4691-9028-66159B997FF0}.Ad-Hoc|iPhoneSimulator.ActiveCfg = Release|Any CPU
		{71FF5D7B-1745-4691-9028-66159B997FF0}.Ad-Hoc|iPhoneSimulator.Build.0 = Release|Any CPU
		{71FF5D7B-1745-4691-9028-66159B997FF0}.Ad-Hoc|iPhoneSimulator.Deploy.0 = Release|Any CPU
		{71FF5D7B-1745-4691-9028-66159B997FF0}.Ad-Hoc|x64.ActiveCfg = Release|Any CPU
		{71FF5D7B-1745-4691-9028-66159B997FF0}.Ad-Hoc|x64.Build.0 = Release|Any CPU
		{71FF5D7B-1745-4691-9028-66159B997FF0}.Ad-Hoc|x64.Deploy.0 = Release|Any CPU
		{71FF5D7B-1745-4691-9028-66159B997FF0}.Ad-Hoc|x86.ActiveCfg = Release|Any CPU
		{71FF5D7B-1745-4691-9028-66159B997FF0}.Ad-Hoc|x86.Build.0 = Release|Any CPU
		{71FF5D7B-1745-4691-9028-66159B997FF0}.Ad-Hoc|x86.Deploy.0 = Release|Any CPU
		{71FF5D7B-1745-4691-9028-66159B997FF0}.AppStore|Any CPU.ActiveCfg = Release|Any CPU
		{71FF5D7B-1745-4691-9028-66159B997FF0}.AppStore|Any CPU.Build.0 = Release|Any CPU
		{71FF5D7B-1745-4691-9028-66159B997FF0}.AppStore|Any CPU.Deploy.0 = Release|Any CPU
		{71FF5D7B-1745-4691-9028-66159B997FF0}.AppStore|ARM.ActiveCfg = Release|Any CPU
		{71FF5D7B-1745-4691-9028-66159B997FF0}.AppStore|ARM.Build.0 = Release|Any CPU
		{71FF5D7B-1745-4691-9028-66159B997FF0}.AppStore|ARM.Deploy.0 = Release|Any CPU
		{71FF5D7B-1745-4691-9028-66159B997FF0}.AppStore|iPhone.ActiveCfg = Release|Any CPU
		{71FF5D7B-1745-4691-9028-66159B997FF0}.AppStore|iPhone.Build.0 = Release|Any CPU
		{71FF5D7B-1745-4691-9028-66159B997FF0}.AppStore|iPhone.Deploy.0 = Release|Any CPU
		{71FF5D7B-1745-4691-9028-66159B997FF0}.AppStore|iPhoneSimulator.ActiveCfg = Release|Any CPU
		{71FF5D7B-1745-4691-9028-66159B997FF0}.AppStore|iPhoneSimulator.Build.0 = Release|Any CPU
		{71FF5D7B-1745-4691-9028-66159B997FF0}.AppStore|iPhoneSimulator.Deploy.0 = Release|Any CPU
		{71FF5D7B-1745-4691-9028-66159B997FF0}.AppStore|x64.ActiveCfg = Release|Any CPU
		{71FF5D7B-1745-4691-9028-66159B997FF0}.AppStore|x64.Build.0 = Release|Any CPU
		{71FF5D7B-1745-4691-9028-66159B997FF0}.AppStore|x64.Deploy.0 = Release|Any CPU
		{71FF5D7B-1745-4691-9028-66159B997FF0}.AppStore|x86.ActiveCfg = Release|Any CPU
		{71FF5D7B-1745-4691-9028-66159B997FF0}.AppStore|x86.Build.0 = Release|Any CPU
		{71FF5D7B-1745-4691-9028-66159B997FF0}.AppStore|x86.Deploy.0 = Release|Any CPU
		{71FF5D7B-1745-4691-9028-66159B997FF0}.Debug|Any CPU.ActiveCfg = Debug|Any CPU
		{71FF5D7B-1745-4691-9028-66159B997FF0}.Debug|Any CPU.Build.0 = Debug|Any CPU
		{71FF5D7B-1745-4691-9028-66159B997FF0}.Debug|Any CPU.Deploy.0 = Debug|Any CPU
		{71FF5D7B-1745-4691-9028-66159B997FF0}.Debug|ARM.ActiveCfg = Debug|Any CPU
		{71FF5D7B-1745-4691-9028-66159B997FF0}.Debug|ARM.Build.0 = Debug|Any CPU
		{71FF5D7B-1745-4691-9028-66159B997FF0}.Debug|ARM.Deploy.0 = Debug|Any CPU
		{71FF5D7B-1745-4691-9028-66159B997FF0}.Debug|iPhone.ActiveCfg = Debug|Any CPU
		{71FF5D7B-1745-4691-9028-66159B997FF0}.Debug|iPhone.Build.0 = Debug|Any CPU
		{71FF5D7B-1745-4691-9028-66159B997FF0}.Debug|iPhone.Deploy.0 = Debug|Any CPU
		{71FF5D7B-1745-4691-9028-66159B997FF0}.Debug|iPhoneSimulator.ActiveCfg = Debug|Any CPU
		{71FF5D7B-1745-4691-9028-66159B997FF0}.Debug|iPhoneSimulator.Build.0 = Debug|Any CPU
		{71FF5D7B-1745-4691-9028-66159B997FF0}.Debug|iPhoneSimulator.Deploy.0 = Debug|Any CPU
		{71FF5D7B-1745-4691-9028-66159B997FF0}.Debug|x64.ActiveCfg = Debug|Any CPU
		{71FF5D7B-1745-4691-9028-66159B997FF0}.Debug|x64.Build.0 = Debug|Any CPU
		{71FF5D7B-1745-4691-9028-66159B997FF0}.Debug|x64.Deploy.0 = Debug|Any CPU
		{71FF5D7B-1745-4691-9028-66159B997FF0}.Debug|x86.ActiveCfg = Debug|Any CPU
		{71FF5D7B-1745-4691-9028-66159B997FF0}.Debug|x86.Build.0 = Debug|Any CPU
		{71FF5D7B-1745-4691-9028-66159B997FF0}.Debug|x86.Deploy.0 = Debug|Any CPU
		{71FF5D7B-1745-4691-9028-66159B997FF0}.Release|Any CPU.ActiveCfg = Release|Any CPU
		{71FF5D7B-1745-4691-9028-66159B997FF0}.Release|Any CPU.Build.0 = Release|Any CPU
		{71FF5D7B-1745-4691-9028-66159B997FF0}.Release|Any CPU.Deploy.0 = Release|Any CPU
		{71FF5D7B-1745-4691-9028-66159B997FF0}.Release|ARM.ActiveCfg = Release|Any CPU
		{71FF5D7B-1745-4691-9028-66159B997FF0}.Release|ARM.Build.0 = Release|Any CPU
		{71FF5D7B-1745-4691-9028-66159B997FF0}.Release|ARM.Deploy.0 = Release|Any CPU
		{71FF5D7B-1745-4691-9028-66159B997FF0}.Release|iPhone.ActiveCfg = Release|Any CPU
		{71FF5D7B-1745-4691-9028-66159B997FF0}.Release|iPhone.Build.0 = Release|Any CPU
		{71FF5D7B-1745-4691-9028-66159B997FF0}.Release|iPhone.Deploy.0 = Release|Any CPU
		{71FF5D7B-1745-4691-9028-66159B997FF0}.Release|iPhoneSimulator.ActiveCfg = Release|Any CPU
		{71FF5D7B-1745-4691-9028-66159B997FF0}.Release|iPhoneSimulator.Build.0 = Release|Any CPU
		{71FF5D7B-1745-4691-9028-66159B997FF0}.Release|iPhoneSimulator.Deploy.0 = Release|Any CPU
		{71FF5D7B-1745-4691-9028-66159B997FF0}.Release|x64.ActiveCfg = Release|Any CPU
		{71FF5D7B-1745-4691-9028-66159B997FF0}.Release|x64.Build.0 = Release|Any CPU
		{71FF5D7B-1745-4691-9028-66159B997FF0}.Release|x64.Deploy.0 = Release|Any CPU
		{71FF5D7B-1745-4691-9028-66159B997FF0}.Release|x86.ActiveCfg = Release|Any CPU
		{71FF5D7B-1745-4691-9028-66159B997FF0}.Release|x86.Build.0 = Release|Any CPU
		{71FF5D7B-1745-4691-9028-66159B997FF0}.Release|x86.Deploy.0 = Release|Any CPU
		{E59489E9-A381-4C91-B06A-5BF069B8EF33}.Ad-Hoc|Any CPU.ActiveCfg = Release|Any CPU
		{E59489E9-A381-4C91-B06A-5BF069B8EF33}.Ad-Hoc|Any CPU.Build.0 = Release|Any CPU
		{E59489E9-A381-4C91-B06A-5BF069B8EF33}.Ad-Hoc|ARM.ActiveCfg = Release|Any CPU
		{E59489E9-A381-4C91-B06A-5BF069B8EF33}.Ad-Hoc|ARM.Build.0 = Release|Any CPU
		{E59489E9-A381-4C91-B06A-5BF069B8EF33}.Ad-Hoc|iPhone.ActiveCfg = Release|Any CPU
		{E59489E9-A381-4C91-B06A-5BF069B8EF33}.Ad-Hoc|iPhone.Build.0 = Release|Any CPU
		{E59489E9-A381-4C91-B06A-5BF069B8EF33}.Ad-Hoc|iPhoneSimulator.ActiveCfg = Release|Any CPU
		{E59489E9-A381-4C91-B06A-5BF069B8EF33}.Ad-Hoc|iPhoneSimulator.Build.0 = Release|Any CPU
		{E59489E9-A381-4C91-B06A-5BF069B8EF33}.Ad-Hoc|x64.ActiveCfg = Release|Any CPU
		{E59489E9-A381-4C91-B06A-5BF069B8EF33}.Ad-Hoc|x64.Build.0 = Release|Any CPU
		{E59489E9-A381-4C91-B06A-5BF069B8EF33}.Ad-Hoc|x86.ActiveCfg = Release|Any CPU
		{E59489E9-A381-4C91-B06A-5BF069B8EF33}.Ad-Hoc|x86.Build.0 = Release|Any CPU
		{E59489E9-A381-4C91-B06A-5BF069B8EF33}.AppStore|Any CPU.ActiveCfg = Release|Any CPU
		{E59489E9-A381-4C91-B06A-5BF069B8EF33}.AppStore|Any CPU.Build.0 = Release|Any CPU
		{E59489E9-A381-4C91-B06A-5BF069B8EF33}.AppStore|ARM.ActiveCfg = Release|Any CPU
		{E59489E9-A381-4C91-B06A-5BF069B8EF33}.AppStore|ARM.Build.0 = Release|Any CPU
		{E59489E9-A381-4C91-B06A-5BF069B8EF33}.AppStore|iPhone.ActiveCfg = Release|Any CPU
		{E59489E9-A381-4C91-B06A-5BF069B8EF33}.AppStore|iPhone.Build.0 = Release|Any CPU
		{E59489E9-A381-4C91-B06A-5BF069B8EF33}.AppStore|iPhoneSimulator.ActiveCfg = Release|Any CPU
		{E59489E9-A381-4C91-B06A-5BF069B8EF33}.AppStore|iPhoneSimulator.Build.0 = Release|Any CPU
		{E59489E9-A381-4C91-B06A-5BF069B8EF33}.AppStore|x64.ActiveCfg = Release|Any CPU
		{E59489E9-A381-4C91-B06A-5BF069B8EF33}.AppStore|x64.Build.0 = Release|Any CPU
		{E59489E9-A381-4C91-B06A-5BF069B8EF33}.AppStore|x86.ActiveCfg = Release|Any CPU
		{E59489E9-A381-4C91-B06A-5BF069B8EF33}.AppStore|x86.Build.0 = Release|Any CPU
		{E59489E9-A381-4C91-B06A-5BF069B8EF33}.Debug|Any CPU.ActiveCfg = Debug|Any CPU
		{E59489E9-A381-4C91-B06A-5BF069B8EF33}.Debug|Any CPU.Build.0 = Debug|Any CPU
		{E59489E9-A381-4C91-B06A-5BF069B8EF33}.Debug|ARM.ActiveCfg = Debug|Any CPU
		{E59489E9-A381-4C91-B06A-5BF069B8EF33}.Debug|ARM.Build.0 = Debug|Any CPU
		{E59489E9-A381-4C91-B06A-5BF069B8EF33}.Debug|iPhone.ActiveCfg = Debug|Any CPU
		{E59489E9-A381-4C91-B06A-5BF069B8EF33}.Debug|iPhone.Build.0 = Debug|Any CPU
		{E59489E9-A381-4C91-B06A-5BF069B8EF33}.Debug|iPhoneSimulator.ActiveCfg = Debug|Any CPU
		{E59489E9-A381-4C91-B06A-5BF069B8EF33}.Debug|iPhoneSimulator.Build.0 = Debug|Any CPU
		{E59489E9-A381-4C91-B06A-5BF069B8EF33}.Debug|x64.ActiveCfg = Debug|Any CPU
		{E59489E9-A381-4C91-B06A-5BF069B8EF33}.Debug|x64.Build.0 = Debug|Any CPU
		{E59489E9-A381-4C91-B06A-5BF069B8EF33}.Debug|x86.ActiveCfg = Debug|Any CPU
		{E59489E9-A381-4C91-B06A-5BF069B8EF33}.Debug|x86.Build.0 = Debug|Any CPU
		{E59489E9-A381-4C91-B06A-5BF069B8EF33}.Release|Any CPU.ActiveCfg = Release|Any CPU
		{E59489E9-A381-4C91-B06A-5BF069B8EF33}.Release|Any CPU.Build.0 = Release|Any CPU
		{E59489E9-A381-4C91-B06A-5BF069B8EF33}.Release|ARM.ActiveCfg = Release|Any CPU
		{E59489E9-A381-4C91-B06A-5BF069B8EF33}.Release|ARM.Build.0 = Release|Any CPU
		{E59489E9-A381-4C91-B06A-5BF069B8EF33}.Release|iPhone.ActiveCfg = Release|Any CPU
		{E59489E9-A381-4C91-B06A-5BF069B8EF33}.Release|iPhone.Build.0 = Release|Any CPU
		{E59489E9-A381-4C91-B06A-5BF069B8EF33}.Release|iPhoneSimulator.ActiveCfg = Release|Any CPU
		{E59489E9-A381-4C91-B06A-5BF069B8EF33}.Release|iPhoneSimulator.Build.0 = Release|Any CPU
		{E59489E9-A381-4C91-B06A-5BF069B8EF33}.Release|x64.ActiveCfg = Release|Any CPU
		{E59489E9-A381-4C91-B06A-5BF069B8EF33}.Release|x64.Build.0 = Release|Any CPU
		{E59489E9-A381-4C91-B06A-5BF069B8EF33}.Release|x86.ActiveCfg = Release|Any CPU
		{E59489E9-A381-4C91-B06A-5BF069B8EF33}.Release|x86.Build.0 = Release|Any CPU
		{D5827537-279C-4A71-BF5B-6516B211B1BD}.Ad-Hoc|Any CPU.ActiveCfg = Release|x86
		{D5827537-279C-4A71-BF5B-6516B211B1BD}.Ad-Hoc|Any CPU.Build.0 = Release|x86
		{D5827537-279C-4A71-BF5B-6516B211B1BD}.Ad-Hoc|Any CPU.Deploy.0 = Release|x86
		{D5827537-279C-4A71-BF5B-6516B211B1BD}.Ad-Hoc|ARM.ActiveCfg = Release|ARM
		{D5827537-279C-4A71-BF5B-6516B211B1BD}.Ad-Hoc|ARM.Build.0 = Release|ARM
		{D5827537-279C-4A71-BF5B-6516B211B1BD}.Ad-Hoc|ARM.Deploy.0 = Release|ARM
		{D5827537-279C-4A71-BF5B-6516B211B1BD}.Ad-Hoc|iPhone.ActiveCfg = Release|x86
		{D5827537-279C-4A71-BF5B-6516B211B1BD}.Ad-Hoc|iPhone.Build.0 = Release|x86
		{D5827537-279C-4A71-BF5B-6516B211B1BD}.Ad-Hoc|iPhone.Deploy.0 = Release|x86
		{D5827537-279C-4A71-BF5B-6516B211B1BD}.Ad-Hoc|iPhoneSimulator.ActiveCfg = Release|x86
		{D5827537-279C-4A71-BF5B-6516B211B1BD}.Ad-Hoc|iPhoneSimulator.Build.0 = Release|x86
		{D5827537-279C-4A71-BF5B-6516B211B1BD}.Ad-Hoc|iPhoneSimulator.Deploy.0 = Release|x86
		{D5827537-279C-4A71-BF5B-6516B211B1BD}.Ad-Hoc|x64.ActiveCfg = Release|x64
		{D5827537-279C-4A71-BF5B-6516B211B1BD}.Ad-Hoc|x64.Build.0 = Release|x64
		{D5827537-279C-4A71-BF5B-6516B211B1BD}.Ad-Hoc|x64.Deploy.0 = Release|x64
		{D5827537-279C-4A71-BF5B-6516B211B1BD}.Ad-Hoc|x86.ActiveCfg = Release|x86
		{D5827537-279C-4A71-BF5B-6516B211B1BD}.Ad-Hoc|x86.Build.0 = Release|x86
		{D5827537-279C-4A71-BF5B-6516B211B1BD}.Ad-Hoc|x86.Deploy.0 = Release|x86
		{D5827537-279C-4A71-BF5B-6516B211B1BD}.AppStore|Any CPU.ActiveCfg = Release|x86
		{D5827537-279C-4A71-BF5B-6516B211B1BD}.AppStore|Any CPU.Build.0 = Release|x86
		{D5827537-279C-4A71-BF5B-6516B211B1BD}.AppStore|Any CPU.Deploy.0 = Release|x86
		{D5827537-279C-4A71-BF5B-6516B211B1BD}.AppStore|ARM.ActiveCfg = Release|ARM
		{D5827537-279C-4A71-BF5B-6516B211B1BD}.AppStore|ARM.Build.0 = Release|ARM
		{D5827537-279C-4A71-BF5B-6516B211B1BD}.AppStore|ARM.Deploy.0 = Release|ARM
		{D5827537-279C-4A71-BF5B-6516B211B1BD}.AppStore|iPhone.ActiveCfg = Release|x86
		{D5827537-279C-4A71-BF5B-6516B211B1BD}.AppStore|iPhone.Build.0 = Release|x86
		{D5827537-279C-4A71-BF5B-6516B211B1BD}.AppStore|iPhone.Deploy.0 = Release|x86
		{D5827537-279C-4A71-BF5B-6516B211B1BD}.AppStore|iPhoneSimulator.ActiveCfg = Release|x86
		{D5827537-279C-4A71-BF5B-6516B211B1BD}.AppStore|iPhoneSimulator.Build.0 = Release|x86
		{D5827537-279C-4A71-BF5B-6516B211B1BD}.AppStore|iPhoneSimulator.Deploy.0 = Release|x86
		{D5827537-279C-4A71-BF5B-6516B211B1BD}.AppStore|x64.ActiveCfg = Release|x64
		{D5827537-279C-4A71-BF5B-6516B211B1BD}.AppStore|x64.Build.0 = Release|x64
		{D5827537-279C-4A71-BF5B-6516B211B1BD}.AppStore|x64.Deploy.0 = Release|x64
		{D5827537-279C-4A71-BF5B-6516B211B1BD}.AppStore|x86.ActiveCfg = Release|x86
		{D5827537-279C-4A71-BF5B-6516B211B1BD}.AppStore|x86.Build.0 = Release|x86
		{D5827537-279C-4A71-BF5B-6516B211B1BD}.AppStore|x86.Deploy.0 = Release|x86
		{D5827537-279C-4A71-BF5B-6516B211B1BD}.Debug|Any CPU.ActiveCfg = Debug|x86
		{D5827537-279C-4A71-BF5B-6516B211B1BD}.Debug|ARM.ActiveCfg = Debug|ARM
		{D5827537-279C-4A71-BF5B-6516B211B1BD}.Debug|ARM.Build.0 = Debug|ARM
		{D5827537-279C-4A71-BF5B-6516B211B1BD}.Debug|ARM.Deploy.0 = Debug|ARM
		{D5827537-279C-4A71-BF5B-6516B211B1BD}.Debug|iPhone.ActiveCfg = Debug|x86
		{D5827537-279C-4A71-BF5B-6516B211B1BD}.Debug|iPhoneSimulator.ActiveCfg = Debug|x86
		{D5827537-279C-4A71-BF5B-6516B211B1BD}.Debug|x64.ActiveCfg = Debug|x64
		{D5827537-279C-4A71-BF5B-6516B211B1BD}.Debug|x64.Build.0 = Debug|x64
		{D5827537-279C-4A71-BF5B-6516B211B1BD}.Debug|x64.Deploy.0 = Debug|x64
		{D5827537-279C-4A71-BF5B-6516B211B1BD}.Debug|x86.ActiveCfg = Debug|x86
		{D5827537-279C-4A71-BF5B-6516B211B1BD}.Debug|x86.Build.0 = Debug|x86
		{D5827537-279C-4A71-BF5B-6516B211B1BD}.Debug|x86.Deploy.0 = Debug|x86
		{D5827537-279C-4A71-BF5B-6516B211B1BD}.Release|Any CPU.ActiveCfg = Release|x86
		{D5827537-279C-4A71-BF5B-6516B211B1BD}.Release|ARM.ActiveCfg = Release|ARM
		{D5827537-279C-4A71-BF5B-6516B211B1BD}.Release|ARM.Build.0 = Release|ARM
		{D5827537-279C-4A71-BF5B-6516B211B1BD}.Release|ARM.Deploy.0 = Release|ARM
		{D5827537-279C-4A71-BF5B-6516B211B1BD}.Release|iPhone.ActiveCfg = Release|x86
		{D5827537-279C-4A71-BF5B-6516B211B1BD}.Release|iPhoneSimulator.ActiveCfg = Release|x86
		{D5827537-279C-4A71-BF5B-6516B211B1BD}.Release|x64.ActiveCfg = Release|x64
		{D5827537-279C-4A71-BF5B-6516B211B1BD}.Release|x64.Build.0 = Release|x64
		{D5827537-279C-4A71-BF5B-6516B211B1BD}.Release|x64.Deploy.0 = Release|x64
		{D5827537-279C-4A71-BF5B-6516B211B1BD}.Release|x86.ActiveCfg = Release|x86
		{D5827537-279C-4A71-BF5B-6516B211B1BD}.Release|x86.Build.0 = Release|x86
		{D5827537-279C-4A71-BF5B-6516B211B1BD}.Release|x86.Deploy.0 = Release|x86
		{457F82D6-644E-4531-8772-94442694AF4D}.Ad-Hoc|Any CPU.ActiveCfg = Ad-Hoc|iPhone
		{457F82D6-644E-4531-8772-94442694AF4D}.Ad-Hoc|ARM.ActiveCfg = Ad-Hoc|iPhone
		{457F82D6-644E-4531-8772-94442694AF4D}.Ad-Hoc|iPhone.ActiveCfg = Ad-Hoc|iPhone
		{457F82D6-644E-4531-8772-94442694AF4D}.Ad-Hoc|iPhone.Build.0 = Ad-Hoc|iPhone
		{457F82D6-644E-4531-8772-94442694AF4D}.Ad-Hoc|iPhoneSimulator.ActiveCfg = Ad-Hoc|iPhoneSimulator
		{457F82D6-644E-4531-8772-94442694AF4D}.Ad-Hoc|iPhoneSimulator.Build.0 = Ad-Hoc|iPhoneSimulator
		{457F82D6-644E-4531-8772-94442694AF4D}.Ad-Hoc|x64.ActiveCfg = Ad-Hoc|iPhone
		{457F82D6-644E-4531-8772-94442694AF4D}.Ad-Hoc|x86.ActiveCfg = Ad-Hoc|iPhone
		{457F82D6-644E-4531-8772-94442694AF4D}.AppStore|Any CPU.ActiveCfg = AppStore|iPhone
		{457F82D6-644E-4531-8772-94442694AF4D}.AppStore|ARM.ActiveCfg = AppStore|iPhone
		{457F82D6-644E-4531-8772-94442694AF4D}.AppStore|iPhone.ActiveCfg = AppStore|iPhone
		{457F82D6-644E-4531-8772-94442694AF4D}.AppStore|iPhone.Build.0 = AppStore|iPhone
		{457F82D6-644E-4531-8772-94442694AF4D}.AppStore|iPhoneSimulator.ActiveCfg = AppStore|iPhoneSimulator
		{457F82D6-644E-4531-8772-94442694AF4D}.AppStore|iPhoneSimulator.Build.0 = AppStore|iPhoneSimulator
		{457F82D6-644E-4531-8772-94442694AF4D}.AppStore|x64.ActiveCfg = AppStore|iPhone
		{457F82D6-644E-4531-8772-94442694AF4D}.AppStore|x86.ActiveCfg = AppStore|iPhone
		{457F82D6-644E-4531-8772-94442694AF4D}.Debug|Any CPU.ActiveCfg = Debug|iPhone
		{457F82D6-644E-4531-8772-94442694AF4D}.Debug|ARM.ActiveCfg = Debug|iPhone
		{457F82D6-644E-4531-8772-94442694AF4D}.Debug|iPhone.ActiveCfg = Debug|iPhone
		{457F82D6-644E-4531-8772-94442694AF4D}.Debug|iPhone.Build.0 = Debug|iPhone
		{457F82D6-644E-4531-8772-94442694AF4D}.Debug|iPhoneSimulator.ActiveCfg = Debug|iPhoneSimulator
		{457F82D6-644E-4531-8772-94442694AF4D}.Debug|iPhoneSimulator.Build.0 = Debug|iPhoneSimulator
		{457F82D6-644E-4531-8772-94442694AF4D}.Debug|x64.ActiveCfg = Debug|iPhone
		{457F82D6-644E-4531-8772-94442694AF4D}.Debug|x86.ActiveCfg = Debug|iPhone
		{457F82D6-644E-4531-8772-94442694AF4D}.Release|Any CPU.ActiveCfg = Release|iPhone
		{457F82D6-644E-4531-8772-94442694AF4D}.Release|ARM.ActiveCfg = Release|iPhone
		{457F82D6-644E-4531-8772-94442694AF4D}.Release|iPhone.ActiveCfg = Release|iPhone
		{457F82D6-644E-4531-8772-94442694AF4D}.Release|iPhone.Build.0 = Release|iPhone
		{457F82D6-644E-4531-8772-94442694AF4D}.Release|iPhoneSimulator.ActiveCfg = Release|iPhoneSimulator
		{457F82D6-644E-4531-8772-94442694AF4D}.Release|iPhoneSimulator.Build.0 = Release|iPhoneSimulator
		{457F82D6-644E-4531-8772-94442694AF4D}.Release|x64.ActiveCfg = Release|iPhone
		{457F82D6-644E-4531-8772-94442694AF4D}.Release|x86.ActiveCfg = Release|iPhone
	EndGlobalSection
	GlobalSection(SolutionProperties) = preSolution
		HideSolutionNode = FALSE
	EndGlobalSection
EndGlobal
